
Microsoft Visual Studio Solution File, Format Version 12.00
# Visual Studio 2013
VisualStudioVersion = 12.0.31101.0
MinimumVisualStudioVersion = 10.0.40219.1
Project("{FAE04EC0-301F-11D3-BF4B-00C04F79EFBC}") = "TranslyteAndroid", "TranslyteAndroid\TranslyteAndroid.csproj", "{FE8FAB72-CC58-4DC7-A2DE-9F527AFB2D65}"
EndProject
Project("{FAE04EC0-301F-11D3-BF4B-00C04F79EFBC}") = "Translyte.BusinessLayer", "Translyte.BusinessLayer\Translyte.BusinessLayer.csproj", "{3BD0D70B-3B02-429D-B73D-E866DE69A471}"
EndProject
Project("{FAE04EC0-301F-11D3-BF4B-00C04F79EFBC}") = "Translyte.DataAccessLayer", "Translyte.DataAccessLayer\Translyte.DataAccessLayer.csproj", "{A6E9B7A0-408A-4116-A004-1DC6DDECF0EE}"
EndProject
Global
	GlobalSection(SolutionConfigurationPlatforms) = preSolution
		Debug|Any CPU = Debug|Any CPU
		Release|Any CPU = Release|Any CPU
	EndGlobalSection
	GlobalSection(ProjectConfigurationPlatforms) = postSolution
		{FE8FAB72-CC58-4DC7-A2DE-9F527AFB2D65}.Debug|Any CPU.ActiveCfg = Debug|Any CPU
		{FE8FAB72-CC58-4DC7-A2DE-9F527AFB2D65}.Debug|Any CPU.Build.0 = Debug|Any CPU
		{FE8FAB72-CC58-4DC7-A2DE-9F527AFB2D65}.Debug|Any CPU.Deploy.0 = Debug|Any CPU
		{FE8FAB72-CC58-4DC7-A2DE-9F527AFB2D65}.Release|Any CPU.ActiveCfg = Release|Any CPU
		{FE8FAB72-CC58-4DC7-A2DE-9F527AFB2D65}.Release|Any CPU.Build.0 = Release|Any CPU
		{FE8FAB72-CC58-4DC7-A2DE-9F527AFB2D65}.Release|Any CPU.Deploy.0 = Release|Any CPU
		{3BD0D70B-3B02-429D-B73D-E866DE69A471}.Debug|Any CPU.ActiveCfg = Debug|Any CPU
		{3BD0D70B-3B02-429D-B73D-E866DE69A471}.Debug|Any CPU.Build.0 = Debug|Any CPU
		{3BD0D70B-3B02-429D-B73D-E866DE69A471}.Release|Any CPU.ActiveCfg = Release|Any CPU
		{3BD0D70B-3B02-429D-B73D-E866DE69A471}.Release|Any CPU.Build.0 = Release|Any CPU
		{A6E9B7A0-408A-4116-A004-1DC6DDECF0EE}.Debug|Any CPU.ActiveCfg = Debug|Any CPU
		{A6E9B7A0-408A-4116-A004-1DC6DDECF0EE}.Debug|Any CPU.Build.0 = Debug|Any CPU
		{A6E9B7A0-408A-4116-A004-1DC6DDECF0EE}.Release|Any CPU.ActiveCfg = Release|Any CPU
		{A6E9B7A0-408A-4116-A004-1DC6DDECF0EE}.Release|Any CPU.Build.0 = Release|Any CPU
	EndGlobalSection
	GlobalSection(SolutionProperties) = preSolution
		HideSolutionNode = FALSE
	EndGlobalSection
EndGlobal
